# This file is generated by running "yarn install" inside your project.
# Manual changes might be lost - proceed with caution!

__metadata:
  version: 8
  cacheKey: 10c0

"@mongodb-js/saslprep@npm:^1.3.0":
  version: 1.4.5
  resolution: "@mongodb-js/saslprep@npm:1.4.5"
  dependencies:
    sparse-bitfield: "npm:^3.0.3"
  checksum: 10c0/b8035b786bd8e69023ab30d7baeacf5c71db6dc9dbc9e7788853489f25809f0db041f7693e76bfafbaba722656d6fecdb1f4a3d644054e75d82c19efd08141be
  languageName: node
  linkType: hard

"@types/webidl-conversions@npm:*":
  version: 7.0.3
  resolution: "@types/webidl-conversions@npm:7.0.3"
  checksum: 10c0/ac2ccff93b95ac7c8ca73dc6064403181691bba7ea144296f462dc9108a07be16cbad7b9c704b3df706dcc5a117e1f7bf7fb27aeb75b09c0f3148de8aee11aff
  languageName: node
  linkType: hard

"@types/whatwg-url@npm:^13.0.0":
  version: 13.0.0
  resolution: "@types/whatwg-url@npm:13.0.0"
  dependencies:
    "@types/webidl-conversions": "npm:*"
  checksum: 10c0/b7b53ae7b5290a0c26e2a5c6a2353af925fe9fc7ab0bbf642e8b76f65b39f638b471dadfda8da441aed3ca32cafd33b1a03459117c9ec85fd91b1e6c0e93044e
  languageName: node
  linkType: hard

"aws-ssl-profiles@npm:^1.1.2":
  version: 1.1.2
  resolution: "aws-ssl-profiles@npm:1.1.2"
  checksum: 10c0/e5f59a4146fe3b88ad2a84f814886c788557b80b744c8cbcb1cbf8cf5ba19cc006a7a12e88819adc614ecda9233993f8f1d1f3b612cbc2f297196df9e8f4f66e
  languageName: node
  linkType: hard

"bson@npm:^7.0.0":
  version: 7.1.1
  resolution: "bson@npm:7.1.1"
  checksum: 10c0/005d912cdeeca5c2b6e3543358ab707c9d61bc1db0e0c71ca1fe31ae991851e62101ac3c172d600eed4f860ff12ec68473295782c7781a7b215fc5e38e446923
  languageName: node
  linkType: hard

"co@npm:^4.6.0":
  version: 4.6.0
  resolution: "co@npm:4.6.0"
  checksum: 10c0/c0e85ea0ca8bf0a50cbdca82efc5af0301240ca88ebe3644a6ffb8ffe911f34d40f8fbcf8f1d52c5ddd66706abd4d3bfcd64259f1e8e2371d4f47573b0dc8c28
  languageName: node
  linkType: hard

"dayjs@npm:^1.11.19":
  version: 1.11.19
  resolution: "dayjs@npm:1.11.19"
  checksum: 10c0/7d8a6074a343f821f81ea284d700bd34ea6c7abbe8d93bce7aba818948957c1b7f56131702e5e890a5622cdfc05dcebe8aed0b8313bdc6838a594d7846b0b000
  languageName: node
  linkType: hard

"denque@npm:^2.1.0":
  version: 2.1.0
  resolution: "denque@npm:2.1.0"
  checksum: 10c0/f9ef81aa0af9c6c614a727cb3bd13c5d7db2af1abf9e6352045b86e85873e629690f6222f4edd49d10e4ccf8f078bbeec0794fafaf61b659c0589d0c511ec363
  languageName: node
  linkType: hard

"generate-function@npm:^2.3.1":
  version: 2.3.1
  resolution: "generate-function@npm:2.3.1"
  dependencies:
    is-property: "npm:^1.0.2"
  checksum: 10c0/4645cf1da90375e46a6f1dc51abc9933e5eafa4cd1a44c2f7e3909a30a4e9a1a08c14cd7d5b32da039da2dba2a085e1ed4597b580c196c3245b2d35d8bc0de5d
  languageName: node
  linkType: hard

"iconv-lite@npm:^0.7.2":
  version: 0.7.2
  resolution: "iconv-lite@npm:0.7.2"
  dependencies:
    safer-buffer: "npm:>= 2.1.2 < 3.0.0"
  checksum: 10c0/3c228920f3bd307f56bf8363706a776f4a060eb042f131cd23855ceca962951b264d0997ab38a1ad340e1c5df8499ed26e1f4f0db6b2a2ad9befaff22f14b722
  languageName: node
  linkType: hard

"is-property@npm:^1.0.2":
  version: 1.0.2
  resolution: "is-property@npm:1.0.2"
  checksum: 10c0/33ab65a136e4ba3f74d4f7d9d2a013f1bd207082e11cedb160698e8d5394644e873c39668d112a402175ccbc58a087cef87198ed46829dbddb479115a0257283
  languageName: node
  linkType: hard

"lodash.clonedeep@npm:^4.5.0":
  version: 4.5.0
  resolution: "lodash.clonedeep@npm:4.5.0"
  checksum: 10c0/2caf0e4808f319d761d2939ee0642fa6867a4bbf2cfce43276698828380756b99d4c4fa226d881655e6ac298dd453fe12a5ec8ba49861777759494c534936985
  languageName: node
  linkType: hard

"long@npm:^5.3.2":
  version: 5.3.2
  resolution: "long@npm:5.3.2"
  checksum: 10c0/7130fe1cbce2dca06734b35b70d380ca3f70271c7f8852c922a7c62c86c4e35f0c39290565eca7133c625908d40e126ac57c02b1b1a4636b9457d77e1e60b981
  languageName: node
  linkType: hard

"lru.min@npm:^1.1.0, lru.min@npm:^1.1.3":
  version: 1.1.3
  resolution: "lru.min@npm:1.1.3"
  checksum: 10c0/62567c9d9e6e3b1b3793853ac509007082d93dc838819998a9911a3058b7ca53045ba6a477ab8ccb983788591dd7ff90e05f3b073ba0d30d8b8245c9ef17a06d
  languageName: node
  linkType: hard

"memory-pager@npm:^1.0.2":
  version: 1.5.0
  resolution: "memory-pager@npm:1.5.0"
  checksum: 10c0/2596e80c99fee24f05bd8a20cde2ee899012c996f4ec361ac76ed6f009f34149d733ac6f76880106ccd6a66d062ad439357578d383d429df66ba1278f68806e9
  languageName: node
  linkType: hard

"momy@workspace:.":
  version: 0.0.0-use.local
  resolution: "momy@workspace:."
  dependencies:
    co: "npm:^4.6.0"
    dayjs: "npm:^1.11.19"
    lodash.clonedeep: "npm:^4.5.0"
    mongodb: "npm:^7.0.0"
    mysql2: "npm:^3.16.2"
    nano-string-utils: "npm:^0.28.0"
    sqlstring: "npm:^2.2.0"
    text-case: "npm:^1.2.10"
  bin:
    momy: ./bin/momy.js
  languageName: unknown
  linkType: soft

"mongodb-connection-string-url@npm:^7.0.0":
  version: 7.0.1
  resolution: "mongodb-connection-string-url@npm:7.0.1"
  dependencies:
    "@types/whatwg-url": "npm:^13.0.0"
    whatwg-url: "npm:^14.1.0"
  checksum: 10c0/0124edacc556bfb8d7b63b7fe7a1d9e641120fb614ccd40e656c9a948d308280956d41e375ccee01738e13d0fdccaf6d5a95e81b70f05b901e721fa5a9bebd2c
  languageName: node
  linkType: hard

"mongodb@npm:^7.0.0":
  version: 7.0.0
  resolution: "mongodb@npm:7.0.0"
  dependencies:
    "@mongodb-js/saslprep": "npm:^1.3.0"
    bson: "npm:^7.0.0"
    mongodb-connection-string-url: "npm:^7.0.0"
  peerDependencies:
    "@aws-sdk/credential-providers": ^3.806.0
    "@mongodb-js/zstd": ^7.0.0
    gcp-metadata: ^7.0.1
    kerberos: ^7.0.0
    mongodb-client-encryption: ">=7.0.0 <7.1.0"
    snappy: ^7.3.2
    socks: ^2.8.6
  peerDependenciesMeta:
    "@aws-sdk/credential-providers":
      optional: true
    "@mongodb-js/zstd":
      optional: true
    gcp-metadata:
      optional: true
    kerberos:
      optional: true
    mongodb-client-encryption:
      optional: true
    snappy:
      optional: true
    socks:
      optional: true
  checksum: 10c0/425258188fd6d0d73c58ce2f16177d53d4280804b52de0e6dfd4ce0bec2c2965625c1765111f800ce8e6f2a28187657e8f42bf7dd6cc9675844e619b0dec18b9
  languageName: node
  linkType: hard

"mysql2@npm:^3.16.2":
  version: 3.16.2
  resolution: "mysql2@npm:3.16.2"
  dependencies:
    aws-ssl-profiles: "npm:^1.1.2"
    denque: "npm:^2.1.0"
    generate-function: "npm:^2.3.1"
    iconv-lite: "npm:^0.7.2"
    long: "npm:^5.3.2"
    lru.min: "npm:^1.1.3"
    named-placeholders: "npm:^1.1.6"
    seq-queue: "npm:^0.0.5"
    sqlstring: "npm:^2.3.3"
  checksum: 10c0/50716477b89aa0b393d714fb49173dcbabb76072ac526b468cb6134c32c833e30910fcb50d472b1e5e80c4362fe4b7b784ec6f4fec5e294978de5fd8658c15f8
  languageName: node
  linkType: hard

"named-placeholders@npm:^1.1.6":
  version: 1.1.6
  resolution: "named-placeholders@npm:1.1.6"
  dependencies:
    lru.min: "npm:^1.1.0"
  checksum: 10c0/65b7ffaf932a371602e4153808601e8f377d7fc85fa15b491ee821418e52ab4950155b840803a6eaf3d5b94d6e8aedc1bee723475541cb4713feb3544dca9336
  languageName: node
  linkType: hard

"nano-string-utils@npm:^0.28.0":
  version: 0.28.0
  resolution: "nano-string-utils@npm:0.28.0"
  bin:
    nano-string: bin/nano-string.js
  checksum: 10c0/37304b6700a4e643cfe80ffaea5e3a689a2ce44000aa0adba4fb72d82c6b6f380b9fcd584325f683df69e37e9dbafc1b28f2ffed1a58dbb9b36d31c28cbdfac6
  languageName: node
  linkType: hard

"punycode@npm:^2.3.1":
  version: 2.3.1
  resolution: "punycode@npm:2.3.1"
  checksum: 10c0/14f76a8206bc3464f794fb2e3d3cc665ae416c01893ad7a02b23766eb07159144ee612ad67af5e84fa4479ccfe67678c4feb126b0485651b302babf66f04f9e9
  languageName: node
  linkType: hard

"safer-buffer@npm:>= 2.1.2 < 3.0.0":
  version: 2.1.2
  resolution: "safer-buffer@npm:2.1.2"
  checksum: 10c0/7e3c8b2e88a1841c9671094bbaeebd94448111dd90a81a1f606f3f67708a6ec57763b3b47f06da09fc6054193e0e6709e77325415dc8422b04497a8070fa02d4
  languageName: node
  linkType: hard

"seq-queue@npm:^0.0.5":
  version: 0.0.5
  resolution: "seq-queue@npm:0.0.5"
  checksum: 10c0/ec870fc392f0e6e99ec0e551c3041c1a66144d1580efabae7358e572de127b0ad2f844c95a4861d2e6203f836adea4c8196345b37bed55331ead8f22d99ac84c
  languageName: node
  linkType: hard

"sparse-bitfield@npm:^3.0.3":
  version: 3.0.3
  resolution: "sparse-bitfield@npm:3.0.3"
  dependencies:
    memory-pager: "npm:^1.0.2"
  checksum: 10c0/248c6ff7b5e354735e1daac4059222a29c9d291dfcf265daf675d13515eeaac454cfcccd687c8d134f86698b39abd7ad4d7434f7272dd6f8e41a00f21aae4194
  languageName: node
  linkType: hard

"sqlstring@npm:^2.2.0":
  version: 2.3.2
  resolution: "sqlstring@npm:2.3.2"
  checksum: 10c0/6c0b393237de3c420b6f0a54d1ea5673f50b32d940aa240de1e6fb564bf25bbb717f94c776778c64f9ed94acaf13da55a8e880e8a153fa0f461d22c41e52afef
  languageName: node
  linkType: hard

"sqlstring@npm:^2.3.3":
  version: 2.3.3
  resolution: "sqlstring@npm:2.3.3"
  checksum: 10c0/3b5dd7badb3d6312f494cfa6c9a381ee630fbe3dbd571c4c9eb8ecdb99a7bf5a1f7a5043191d768797f6b3c04eed5958ac6a5f948b998f0a138294c6d3125fbd
  languageName: node
  linkType: hard

"text-camel-case@npm:1.2.10":
  version: 1.2.10
  resolution: "text-camel-case@npm:1.2.10"
  dependencies:
    text-pascal-case: "npm:1.2.10"
  checksum: 10c0/13a117ec92cf7e7b8dbc9a14b7596841ecdef5fcd8939d90f76eea92f4937bbd0076f1d99f26b40467c3daa2f65cbf7dcc624dddf107729eade5bd8527aa2078
  languageName: node
  linkType: hard

"text-capital-case@npm:1.2.10":
  version: 1.2.10
  resolution: "text-capital-case@npm:1.2.10"
  dependencies:
    text-no-case: "npm:1.2.10"
    text-upper-case-first: "npm:1.2.10"
  checksum: 10c0/4f81c317f9dc8f5650d35b17503570fd4e2625cc463748149a76c2621d5c7910681e79aad0f0efb32e535caf710693a64efc83202da780315bd3e34061deb273
  languageName: node
  linkType: hard

"text-case@npm:^1.2.10":
  version: 1.2.10
  resolution: "text-case@npm:1.2.10"
  dependencies:
    text-camel-case: "npm:1.2.10"
    text-capital-case: "npm:1.2.10"
    text-constant-case: "npm:1.2.10"
    text-dot-case: "npm:1.2.10"
    text-header-case: "npm:1.2.10"
    text-is-lower-case: "npm:1.2.10"
    text-is-upper-case: "npm:1.2.10"
    text-kebab-case: "npm:1.2.10"
    text-lower-case: "npm:1.2.10"
    text-lower-case-first: "npm:1.2.10"
    text-no-case: "npm:1.2.10"
    text-param-case: "npm:1.2.10"
    text-pascal-case: "npm:1.2.10"
    text-path-case: "npm:1.2.10"
    text-sentence-case: "npm:1.2.10"
    text-snake-case: "npm:1.2.10"
    text-swap-case: "npm:1.2.10"
    text-title-case: "npm:1.2.10"
    text-upper-case: "npm:1.2.10"
    text-upper-case-first: "npm:1.2.10"
  checksum: 10c0/3ac9d085afd026a8339cff92edfe9fbad1b7065a6ad980ec6c63c76e296ce982b2757b5fab8305755d566c0bfde00f73fcc69549500c1d3de9beeae1080afb26
  languageName: node
  linkType: hard

"text-constant-case@npm:1.2.10":
  version: 1.2.10
  resolution: "text-constant-case@npm:1.2.10"
  dependencies:
    text-no-case: "npm:1.2.10"
    text-upper-case: "npm:1.2.10"
  checksum: 10c0/1f2aae5e98a04f9b8137ce44ca4703d9efd272811c028e03ae0c12f17d0ce463b753869f1024d49713813f8c3777f16b98ca3a2e1c443d59bfa669c710ca36f0
  languageName: node
  linkType: hard

"text-dot-case@npm:1.2.10":
  version: 1.2.10
  resolution: "text-dot-case@npm:1.2.10"
  dependencies:
    text-no-case: "npm:1.2.10"
  checksum: 10c0/c13b4c588d2746959108a284e060978c42d00849a0d2c88ffc56afdbb79c93993d835206e7c27f46c9822c9d9ce9151ed9d24b0aa57b8d0e15a3b940ecf74251
  languageName: node
  linkType: hard

"text-header-case@npm:1.2.10":
  version: 1.2.10
  resolution: "text-header-case@npm:1.2.10"
  dependencies:
    text-capital-case: "npm:1.2.10"
  checksum: 10c0/80f3c450c5dff85bbeae30c117b9faa63c1c0398e0df46ce80f777f6f0312ab04fd311873e3c4107355eb9210eeda052fe877dc6405bef773376623d537ef248
  languageName: node
  linkType: hard

"text-is-lower-case@npm:1.2.10":
  version: 1.2.10
  resolution: "text-is-lower-case@npm:1.2.10"
  checksum: 10c0/a9558f59a3171e853f94fc8d76fa0fef9b7294344c6ebbc9fc1fe830720cffd13c4cf1323d1cf63caecd46c6fc37d8fe84dc018bc1c5fdc3eeb0e5d216d5c67b
  languageName: node
  linkType: hard

"text-is-upper-case@npm:1.2.10":
  version: 1.2.10
  resolution: "text-is-upper-case@npm:1.2.10"
  checksum: 10c0/5eef289ea78c77ea00140c2c109fe80fa3dc518d7e1766d6d36572f3f1e2ab76b560592da8a828190ccc795948a0a763e50974f6bf819ef19d905b718c4b6706
  languageName: node
  linkType: hard

"text-kebab-case@npm:1.2.10":
  version: 1.2.10
  resolution: "text-kebab-case@npm:1.2.10"
  dependencies:
    text-no-case: "npm:1.2.10"
  checksum: 10c0/08962f92b8198df2f233cf2292e1820c22793b65086a6335ef409f3bcfcb454279df845203fad40550fa0fa4dd0e37927b5c8a650e6ca03384a5422a869771fa
  languageName: node
  linkType: hard

"text-lower-case-first@npm:1.2.10":
  version: 1.2.10
  resolution: "text-lower-case-first@npm:1.2.10"
  checksum: 10c0/61f953c95d647dcd1054c9dfb8a32faec40f99750d9f7183c3097a66277c1793a77e02a50211c91cc9c820ac5820a8c0796e92bfb0533ab289e47f1798cbd710
  languageName: node
  linkType: hard

"text-lower-case@npm:1.2.10":
  version: 1.2.10
  resolution: "text-lower-case@npm:1.2.10"
  checksum: 10c0/79cde462103cb3df9b5288496795f2fc47c3d31f7d5d5d719a414aa5835c27745af97b83084ba48bddff3b8ceb38914e6dec29b6980af695ba5a462c2206a840
  languageName: node
  linkType: hard

"text-no-case@npm:1.2.10":
  version: 1.2.10
  resolution: "text-no-case@npm:1.2.10"
  dependencies:
    text-lower-case: "npm:1.2.10"
  checksum: 10c0/e85e2dffb58e6f1af1bebfb7b986ddc98e7ec97fc4db97128a3cddece4410da6098e50e50c845d819542e8a483ee3b9e3dd228f015dc4aad0661c6e9e521eaea
  languageName: node
  linkType: hard

"text-param-case@npm:1.2.10":
  version: 1.2.10
  resolution: "text-param-case@npm:1.2.10"
  dependencies:
    text-dot-case: "npm:1.2.10"
  checksum: 10c0/33388af435c177862bce17886faec5cd2c8eceb15b27d7a80822f5ad923d4d962d177db634cae986f3f35838b6edc2e48ea8dd23bc09125567b3d19127c1a9d3
  languageName: node
  linkType: hard

"text-pascal-case@npm:1.2.10":
  version: 1.2.10
  resolution: "text-pascal-case@npm:1.2.10"
  dependencies:
    text-no-case: "npm:1.2.10"
  checksum: 10c0/3aad7dd75251439a5af5db7789a5f9472cc0ebbb9b3b645c1c54c6096526fd313f4469556bd731770b0d0584c9393484369095e0af50e7dc76d03b864248f6a9
  languageName: node
  linkType: hard

"text-path-case@npm:1.2.10":
  version: 1.2.10
  resolution: "text-path-case@npm:1.2.10"
  dependencies:
    text-dot-case: "npm:1.2.10"
  checksum: 10c0/a75ed56f8d68de3d0c94262885990f6c94f60ace43d6c2bf690599de1bd0f13cf0d401fb8813243293d882644a1b509e55d1850c9cd6c7f335d990d19281ca7b
  languageName: node
  linkType: hard

"text-sentence-case@npm:1.2.10":
  version: 1.2.10
  resolution: "text-sentence-case@npm:1.2.10"
  dependencies:
    text-no-case: "npm:1.2.10"
    text-upper-case-first: "npm:1.2.10"
  checksum: 10c0/9c6107a43d6bbd11c85a4a5157bb5a3e3a8b3bb7383284965d159d8c991d514e2603faa4dca5b9ed5b455cb8e4438f3c7946b708ad15e1e615f11071e139956d
  languageName: node
  linkType: hard

"text-snake-case@npm:1.2.10":
  version: 1.2.10
  resolution: "text-snake-case@npm:1.2.10"
  dependencies:
    text-dot-case: "npm:1.2.10"
  checksum: 10c0/17106a3d14087ea45b31209c916f7ea63fbf6732c26681e15ad889f70988ca6abf1129ccb611fda3636335f75105446277e685414bc7712b074a5ab337a171d0
  languageName: node
  linkType: hard

"text-swap-case@npm:1.2.10":
  version: 1.2.10
  resolution: "text-swap-case@npm:1.2.10"
  checksum: 10c0/38dbfb7c26a2508e9b235867a9a6b977aa15b60d7c78bd0e3556c68b5e4c1cce45837b211b1120e0b52fd9cebabc0d98de945ef58d3560f00a680b1497fd8ddf
  languageName: node
  linkType: hard

"text-title-case@npm:1.2.10":
  version: 1.2.10
  resolution: "text-title-case@npm:1.2.10"
  dependencies:
    text-no-case: "npm:1.2.10"
    text-upper-case-first: "npm:1.2.10"
  checksum: 10c0/60781ffd53b9083d6a0f0adcada3d6cec5e472bb0a6619bb34204fe702851280eba57f6c66a176ff63736fe05402505f4c769478b843138d8736e1c07bd5b604
  languageName: node
  linkType: hard

"text-upper-case-first@npm:1.2.10":
  version: 1.2.10
  resolution: "text-upper-case-first@npm:1.2.10"
  checksum: 10c0/d89b84e882212b9ada03a08188e5dfe38e058a75f91db98ea592e565081463d9612470184041d09ba5e23540c89353222197c375560d4c2b7d2edbf8d52ef3dd
  languageName: node
  linkType: hard

"text-upper-case@npm:1.2.10":
  version: 1.2.10
  resolution: "text-upper-case@npm:1.2.10"
  checksum: 10c0/ec573787a1a53e5560434abd0afd62a2fd1e3b4992587446413f43072bfd9e71a8310b1e9c549c47c928030b486e9a2672f8bc61421309748da95b62b988aa0d
  languageName: node
  linkType: hard

"tr46@npm:^5.1.0":
  version: 5.1.1
  resolution: "tr46@npm:5.1.1"
  dependencies:
    punycode: "npm:^2.3.1"
  checksum: 10c0/ae270e194d52ec67ebd695c1a42876e0f19b96e4aca2ab464ab1d9d17dc3acd3e18764f5034c93897db73421563be27c70c98359c4501136a497e46deda5d5ec
  languageName: node
  linkType: hard

"webidl-conversions@npm:^7.0.0":
  version: 7.0.0
  resolution: "webidl-conversions@npm:7.0.0"
  checksum: 10c0/228d8cb6d270c23b0720cb2d95c579202db3aaf8f633b4e9dd94ec2000a04e7e6e43b76a94509cdb30479bd00ae253ab2371a2da9f81446cc313f89a4213a2c4
  languageName: node
  linkType: hard

"whatwg-url@npm:^14.1.0":
  version: 14.2.0
  resolution: "whatwg-url@npm:14.2.0"
  dependencies:
    tr46: "npm:^5.1.0"
    webidl-conversions: "npm:^7.0.0"
  checksum: 10c0/f746fc2f4c906607d09537de1227b13f9494c171141e5427ed7d2c0dd0b6a48b43d8e71abaae57d368d0c06b673fd8ec63550b32ad5ed64990c7b0266c2b4272
  languageName: node
  linkType: hard
